// !$*UTF8*$!
{
	archiveVersion = 1;
	classes = {
	};
	objectVersion = 50;
	objects = {

/* Begin PBXBuildFile section */
		35ABA29526D7E1E200AB556E /* TabBarController.swift in Sources */ = {isa = PBXBuildFile; fileRef = 35ABA29426D7E1E200AB556E /* TabBarController.swift */; };
		35ABA29726D7E20000AB556E /* HomeViewController.swift in Sources */ = {isa = PBXBuildFile; fileRef = 35ABA29626D7E20000AB556E /* HomeViewController.swift */; };
		35ABA29926D7E2E600AB556E /* AddViewController.swift in Sources */ = {isa = PBXBuildFile; fileRef = 35ABA29826D7E2E600AB556E /* AddViewController.swift */; };
		35ABA29B26D7E2F400AB556E /* ProfileViewController.swift in Sources */ = {isa = PBXBuildFile; fileRef = 35ABA29A26D7E2F400AB556E /* ProfileViewController.swift */; };
		35ABA29F26DAD05C00AB556E /* Topic.swift in Sources */ = {isa = PBXBuildFile; fileRef = 35ABA29E26DAD05C00AB556E /* Topic.swift */; };
		35ABA2A126DAD45800AB556E /* TopicTagCell.swift in Sources */ = {isa = PBXBuildFile; fileRef = 35ABA2A026DAD45800AB556E /* TopicTagCell.swift */; };
		35ABA2A326DDA2EE00AB556E /* TwitterPost.swift in Sources */ = {isa = PBXBuildFile; fileRef = 35ABA2A226DDA2EE00AB556E /* TwitterPost.swift */; };
		35ABA2A526DDA30200AB556E /* RedditPost.swift in Sources */ = {isa = PBXBuildFile; fileRef = 35ABA2A426DDA30200AB556E /* RedditPost.swift */; };
		35ABA2A726DDA4C600AB556E /* TwitterPostCell.swift in Sources */ = {isa = PBXBuildFile; fileRef = 35ABA2A626DDA4C600AB556E /* TwitterPostCell.swift */; };
		35ABA2A926DDA4D700AB556E /* RedditPostCell.swift in Sources */ = {isa = PBXBuildFile; fileRef = 35ABA2A826DDA4D700AB556E /* RedditPostCell.swift */; };
		35ABA2AB26DDDFFA00AB556E /* PostCell.swift in Sources */ = {isa = PBXBuildFile; fileRef = 35ABA2AA26DDDFFA00AB556E /* PostCell.swift */; };
		35EF08F626C9E57600242C10 /* AppDelegate.swift in Sources */ = {isa = PBXBuildFile; fileRef = 35EF08F526C9E57600242C10 /* AppDelegate.swift */; };
		35EF08F826C9E57600242C10 /* SceneDelegate.swift in Sources */ = {isa = PBXBuildFile; fileRef = 35EF08F726C9E57600242C10 /* SceneDelegate.swift */; };
		35EF08FA26C9E57600242C10 /* ViewController.swift in Sources */ = {isa = PBXBuildFile; fileRef = 35EF08F926C9E57600242C10 /* ViewController.swift */; };
		35EF08FF26C9E57B00242C10 /* Assets.xcassets in Resources */ = {isa = PBXBuildFile; fileRef = 35EF08FE26C9E57B00242C10 /* Assets.xcassets */; };
		35EF090226C9E57B00242C10 /* LaunchScreen.storyboard in Resources */ = {isa = PBXBuildFile; fileRef = 35EF090026C9E57B00242C10 /* LaunchScreen.storyboard */; };
/* End PBXBuildFile section */

/* Begin PBXFileReference section */
		35ABA29426D7E1E200AB556E /* TabBarController.swift */ = {isa = PBXFileReference; lastKnownFileType = sourcecode.swift; path = TabBarController.swift; sourceTree = "<group>"; };
		35ABA29626D7E20000AB556E /* HomeViewController.swift */ = {isa = PBXFileReference; lastKnownFileType = sourcecode.swift; path = HomeViewController.swift; sourceTree = "<group>"; };
		35ABA29826D7E2E600AB556E /* AddViewController.swift */ = {isa = PBXFileReference; lastKnownFileType = sourcecode.swift; path = AddViewController.swift; sourceTree = "<group>"; };
		35ABA29A26D7E2F400AB556E /* ProfileViewController.swift */ = {isa = PBXFileReference; lastKnownFileType = sourcecode.swift; path = ProfileViewController.swift; sourceTree = "<group>"; };
		35ABA29E26DAD05C00AB556E /* Topic.swift */ = {isa = PBXFileReference; lastKnownFileType = sourcecode.swift; path = Topic.swift; sourceTree = "<group>"; };
		35ABA2A026DAD45800AB556E /* TopicTagCell.swift */ = {isa = PBXFileReference; lastKnownFileType = sourcecode.swift; path = TopicTagCell.swift; sourceTree = "<group>"; };
		35ABA2A226DDA2EE00AB556E /* TwitterPost.swift */ = {isa = PBXFileReference; lastKnownFileType = sourcecode.swift; path = TwitterPost.swift; sourceTree = "<group>"; };
		35ABA2A426DDA30200AB556E /* RedditPost.swift */ = {isa = PBXFileReference; lastKnownFileType = sourcecode.swift; path = RedditPost.swift; sourceTree = "<group>"; };
		35ABA2A626DDA4C600AB556E /* TwitterPostCell.swift */ = {isa = PBXFileReference; lastKnownFileType = sourcecode.swift; path = TwitterPostCell.swift; sourceTree = "<group>"; };
		35ABA2A826DDA4D700AB556E /* RedditPostCell.swift */ = {isa = PBXFileReference; lastKnownFileType = sourcecode.swift; path = RedditPostCell.swift; sourceTree = "<group>"; };
		35ABA2AA26DDDFFA00AB556E /* PostCell.swift */ = {isa = PBXFileReference; lastKnownFileType = sourcecode.swift; path = PostCell.swift; sourceTree = "<group>"; };
		35EF08F226C9E57600242C10 /* Social Explore.app */ = {isa = PBXFileReference; explicitFileType = wrapper.application; includeInIndex = 0; path = "Social Explore.app"; sourceTree = BUILT_PRODUCTS_DIR; };
		35EF08F526C9E57600242C10 /* AppDelegate.swift */ = {isa = PBXFileReference; lastKnownFileType = sourcecode.swift; path = AppDelegate.swift; sourceTree = "<group>"; };
		35EF08F726C9E57600242C10 /* SceneDelegate.swift */ = {isa = PBXFileReference; lastKnownFileType = sourcecode.swift; path = SceneDelegate.swift; sourceTree = "<group>"; };
		35EF08F926C9E57600242C10 /* ViewController.swift */ = {isa = PBXFileReference; lastKnownFileType = sourcecode.swift; path = ViewController.swift; sourceTree = "<group>"; };
		35EF08FE26C9E57B00242C10 /* Assets.xcassets */ = {isa = PBXFileReference; lastKnownFileType = folder.assetcatalog; path = Assets.xcassets; sourceTree = "<group>"; };
		35EF090126C9E57B00242C10 /* Base */ = {isa = PBXFileReference; lastKnownFileType = file.storyboard; name = Base; path = Base.lproj/LaunchScreen.storyboard; sourceTree = "<group>"; };
		35EF090326C9E57B00242C10 /* Info.plist */ = {isa = PBXFileReference; lastKnownFileType = text.plist.xml; path = Info.plist; sourceTree = "<group>"; };
/* End PBXFileReference section */

/* Begin PBXFrameworksBuildPhase section */
		35EF08EF26C9E57600242C10 /* Frameworks */ = {
			isa = PBXFrameworksBuildPhase;
			buildActionMask = 2147483647;
			files = (
			);
			runOnlyForDeploymentPostprocessing = 0;
		};
/* End PBXFrameworksBuildPhase section */

/* Begin PBXGroup section */
		3523AE5D26D70B9300CCFFA3 /* Models */ = {
			isa = PBXGroup;
			children = (
				35ABA29E26DAD05C00AB556E /* Topic.swift */,
				35ABA2A226DDA2EE00AB556E /* TwitterPost.swift */,
				35ABA2A426DDA30200AB556E /* RedditPost.swift */,
			);
			path = Models;
			sourceTree = "<group>";
		};
		3523AE5E26D70B9C00CCFFA3 /* Views */ = {
			isa = PBXGroup;
			children = (
				35ABA2A026DAD45800AB556E /* TopicTagCell.swift */,
				35ABA2A626DDA4C600AB556E /* TwitterPostCell.swift */,
				35ABA2A826DDA4D700AB556E /* RedditPostCell.swift */,
				35ABA2AA26DDDFFA00AB556E /* PostCell.swift */,
			);
			path = Views;
			sourceTree = "<group>";
		};
		3523AE5F26D70BA100CCFFA3 /* Controllers */ = {
			isa = PBXGroup;
			children = (
				35ABA29326D7E12200AB556E /* Core Tabs */,
				35ABA29226D7E11B00AB556E /* Auth */,
			);
			path = Controllers;
			sourceTree = "<group>";
		};
		35ABA29026D7DF3400AB556E /* Networking */ = {
			isa = PBXGroup;
			children = (
			);
			path = Networking;
			sourceTree = "<group>";
		};
		35ABA29126D7DF4F00AB556E /* Resources */ = {
			isa = PBXGroup;
			children = (
				35EF08FE26C9E57B00242C10 /* Assets.xcassets */,
				35EF08F526C9E57600242C10 /* AppDelegate.swift */,
				35EF08F726C9E57600242C10 /* SceneDelegate.swift */,
			);
			path = Resources;
			sourceTree = "<group>";
		};
		35ABA29226D7E11B00AB556E /* Auth */ = {
			isa = PBXGroup;
			children = (
			);
			path = Auth;
			sourceTree = "<group>";
		};
		35ABA29326D7E12200AB556E /* Core Tabs */ = {
			isa = PBXGroup;
			children = (
				35ABA29426D7E1E200AB556E /* TabBarController.swift */,
				35ABA29626D7E20000AB556E /* HomeViewController.swift */,
				35ABA29826D7E2E600AB556E /* AddViewController.swift */,
				35ABA29A26D7E2F400AB556E /* ProfileViewController.swift */,
			);
			path = "Core Tabs";
			sourceTree = "<group>";
		};
		35EF08E926C9E57600242C10 = {
			isa = PBXGroup;
			children = (
				35EF08F426C9E57600242C10 /* Social Explore */,
				35EF08F326C9E57600242C10 /* Products */,
			);
			sourceTree = "<group>";
		};
		35EF08F326C9E57600242C10 /* Products */ = {
			isa = PBXGroup;
			children = (
				35EF08F226C9E57600242C10 /* Social Explore.app */,
			);
			name = Products;
			sourceTree = "<group>";
		};
		35EF08F426C9E57600242C10 /* Social Explore */ = {
			isa = PBXGroup;
			children = (
				35ABA29126D7DF4F00AB556E /* Resources */,
				35ABA29026D7DF3400AB556E /* Networking */,
				3523AE5F26D70BA100CCFFA3 /* Controllers */,
				3523AE5E26D70B9C00CCFFA3 /* Views */,
				3523AE5D26D70B9300CCFFA3 /* Models */,
				35EF08F926C9E57600242C10 /* ViewController.swift */,
				35EF090026C9E57B00242C10 /* LaunchScreen.storyboard */,
				35EF090326C9E57B00242C10 /* Info.plist */,
			);
			path = "Social Explore";
			sourceTree = "<group>";
		};
/* End PBXGroup section */

/* Begin PBXNativeTarget section */
		35EF08F126C9E57600242C10 /* Social Explore */ = {
			isa = PBXNativeTarget;
			buildConfigurationList = 35EF090626C9E57B00242C10 /* Build configuration list for PBXNativeTarget "Social Explore" */;
			buildPhases = (
				35EF08EE26C9E57600242C10 /* Sources */,
				35EF08EF26C9E57600242C10 /* Frameworks */,
				35EF08F026C9E57600242C10 /* Resources */,
			);
			buildRules = (
			);
			dependencies = (
			);
			name = "Social Explore";
			productName = "Social Explore";
			productReference = 35EF08F226C9E57600242C10 /* Social Explore.app */;
			productType = "com.apple.product-type.application";
		};
/* End PBXNativeTarget section */

/* Begin PBXProject section */
		35EF08EA26C9E57600242C10 /* Project object */ = {
			isa = PBXProject;
			attributes = {
				LastSwiftUpdateCheck = 1250;
				LastUpgradeCheck = 1250;
				TargetAttributes = {
					35EF08F126C9E57600242C10 = {
						CreatedOnToolsVersion = 12.5.1;
					};
				};
			};
			buildConfigurationList = 35EF08ED26C9E57600242C10 /* Build configuration list for PBXProject "Social Explore" */;
			compatibilityVersion = "Xcode 9.3";
			developmentRegion = en;
			hasScannedForEncodings = 0;
			knownRegions = (
				en,
				Base,
			);
			mainGroup = 35EF08E926C9E57600242C10;
			productRefGroup = 35EF08F326C9E57600242C10 /* Products */;
			projectDirPath = "";
			projectRoot = "";
			targets = (
				35EF08F126C9E57600242C10 /* Social Explore */,
			);
		};
/* End PBXProject section */

/* Begin PBXResourcesBuildPhase section */
		35EF08F026C9E57600242C10 /* Resources */ = {
			isa = PBXResourcesBuildPhase;
			buildActionMask = 2147483647;
			files = (
				35EF090226C9E57B00242C10 /* LaunchScreen.storyboard in Resources */,
				35EF08FF26C9E57B00242C10 /* Assets.xcassets in Resources */,
			);
			runOnlyForDeploymentPostprocessing = 0;
		};
/* End PBXResourcesBuildPhase section */

/* Begin PBXSourcesBuildPhase section */
		35EF08EE26C9E57600242C10 /* Sources */ = {
			isa = PBXSourcesBuildPhase;
			buildActionMask = 2147483647;
			files = (
				35ABA29726D7E20000AB556E /* HomeViewController.swift in Sources */,
				35ABA2A326DDA2EE00AB556E /* TwitterPost.swift in Sources */,
				35ABA29526D7E1E200AB556E /* TabBarController.swift in Sources */,
				35ABA29926D7E2E600AB556E /* AddViewController.swift in Sources */,
				35EF08FA26C9E57600242C10 /* ViewController.swift in Sources */,
				35ABA2A726DDA4C600AB556E /* TwitterPostCell.swift in Sources */,
				35ABA29B26D7E2F400AB556E /* ProfileViewController.swift in Sources */,
				35ABA2AB26DDDFFA00AB556E /* PostCell.swift in Sources */,
				35ABA2A126DAD45800AB556E /* TopicTagCell.swift in Sources */,
				35ABA29F26DAD05C00AB556E /* Topic.swift in Sources */,
				35ABA2A926DDA4D700AB556E /* RedditPostCell.swift in Sources */,
				35ABA2A526DDA30200AB556E /* RedditPost.swift in Sources */,
				35EF08F626C9E57600242C10 /* AppDelegate.swift in Sources */,
				35EF08F826C9E57600242C10 /* SceneDelegate.swift in Sources */,
			);
			runOnlyForDeploymentPostprocessing = 0;
		};
/* End PBXSourcesBuildPhase section */

/* Begin PBXVariantGroup section */
		35EF090026C9E57B00242C10 /* LaunchScreen.storyboard */ = {
			isa = PBXVariantGroup;
			children = (
				35EF090126C9E57B00242C10 /* Base */,
			);
			name = LaunchScreen.storyboard;
			sourceTree = "<group>";
		};
/* End PBXVariantGroup section */

/* Begin XCBuildConfiguration section */
		35EF090426C9E57B00242C10 /* Debug */ = {
			isa = XCBuildConfiguration;
			buildSettings = {
				ALWAYS_SEARCH_USER_PATHS = NO;
				CLANG_ANALYZER_NONNULL = YES;
				CLANG_ANALYZER_NUMBER_OBJECT_CONVERSION = YES_AGGRESSIVE;
				CLANG_CXX_LANGUAGE_STANDARD = "gnu++14";
				CLANG_CXX_LIBRARY = "libc++";
				CLANG_ENABLE_MODULES = YES;
				CLANG_ENABLE_OBJC_ARC = YES;
				CLANG_ENABLE_OBJC_WEAK = YES;
				CLANG_WARN_BLOCK_CAPTURE_AUTORELEASING = YES;
				CLANG_WARN_BOOL_CONVERSION = YES;
				CLANG_WARN_COMMA = YES;
				CLANG_WARN_CONSTANT_CONVERSION = YES;
				CLANG_WARN_DEPRECATED_OBJC_IMPLEMENTATIONS = YES;
				CLANG_WARN_DIRECT_OBJC_ISA_USAGE = YES_ERROR;
				CLANG_WARN_DOCUMENTATION_COMMENTS = YES;
				CLANG_WARN_EMPTY_BODY = YES;
				CLANG_WARN_ENUM_CONVERSION = YES;
				CLANG_WARN_INFINITE_RECURSION = YES;
				CLANG_WARN_INT_CONVERSION = YES;
				CLANG_WARN_NON_LITERAL_NULL_CONVERSION = YES;
				CLANG_WARN_OBJC_IMPLICIT_RETAIN_SELF = YES;
				CLANG_WARN_OBJC_LITERAL_CONVERSION = YES;
				CLANG_WARN_OBJC_ROOT_CLASS = YES_ERROR;
				CLANG_WARN_QUOTED_INCLUDE_IN_FRAMEWORK_HEADER = YES;
				CLANG_WARN_RANGE_LOOP_ANALYSIS = YES;
				CLANG_WARN_STRICT_PROTOTYPES = YES;
				CLANG_WARN_SUSPICIOUS_MOVE = YES;
				CLANG_WARN_UNGUARDED_AVAILABILITY = YES_AGGRESSIVE;
				CLANG_WARN_UNREACHABLE_CODE = YES;
				CLANG_WARN__DUPLICATE_METHOD_MATCH = YES;
				COPY_PHASE_STRIP = NO;
				DEBUG_INFORMATION_FORMAT = dwarf;
				ENABLE_STRICT_OBJC_MSGSEND = YES;
				ENABLE_TESTABILITY = YES;
				GCC_C_LANGUAGE_STANDARD = gnu11;
				GCC_DYNAMIC_NO_PIC = NO;
				GCC_NO_COMMON_BLOCKS = YES;
				GCC_OPTIMIZATION_LEVEL = 0;
				GCC_PREPROCESSOR_DEFINITIONS = (
					"DEBUG=1",
					"$(inherited)",
				);
				GCC_WARN_64_TO_32_BIT_CONVERSION = YES;
				GCC_WARN_ABOUT_RETURN_TYPE = YES_ERROR;
				GCC_WARN_UNDECLARED_SELECTOR = YES;
				GCC_WARN_UNINITIALIZED_AUTOS = YES_AGGRESSIVE;
				GCC_WARN_UNUSED_FUNCTION = YES;
				GCC_WARN_UNUSED_VARIABLE = YES;
				IPHONEOS_DEPLOYMENT_TARGET = 14.5;
				MTL_ENABLE_DEBUG_INFO = INCLUDE_SOURCE;
				MTL_FAST_MATH = YES;
				ONLY_ACTIVE_ARCH = YES;
				SDKROOT = iphoneos;
				SWIFT_ACTIVE_COMPILATION_CONDITIONS = DEBUG;
				SWIFT_OPTIMIZATION_LEVEL = "-Onone";
			};
			name = Debug;
		};
		35EF090526C9E57B00242C10 /* Release */ = {
			isa = XCBuildConfiguration;
			buildSettings = {
				ALWAYS_SEARCH_USER_PATHS = NO;
				CLANG_ANALYZER_NONNULL = YES;
				CLANG_ANALYZER_NUMBER_OBJECT_CONVERSION = YES_AGGRESSIVE;
				CLANG_CXX_LANGUAGE_STANDARD = "gnu++14";
				CLANG_CXX_LIBRARY = "libc++";
				CLANG_ENABLE_MODULES = YES;
				CLANG_ENABLE_OBJC_ARC = YES;
				CLANG_ENABLE_OBJC_WEAK = YES;
				CLANG_WARN_BLOCK_CAPTURE_AUTORELEASING = YES;
				CLANG_WARN_BOOL_CONVERSION = YES;
				CLANG_WARN_COMMA = YES;
				CLANG_WARN_CONSTANT_CONVERSION = YES;
				CLANG_WARN_DEPRECATED_OBJC_IMPLEMENTATIONS = YES;
				CLANG_WARN_DIRECT_OBJC_ISA_USAGE = YES_ERROR;
				CLANG_WARN_DOCUMENTATION_COMMENTS = YES;
				CLANG_WARN_EMPTY_BODY = YES;
				CLANG_WARN_ENUM_CONVERSION = YES;
				CLANG_WARN_INFINITE_RECURSION = YES;
				CLANG_WARN_INT_CONVERSION = YES;
				CLANG_WARN_NON_LITERAL_NULL_CONVERSION = YES;
				CLANG_WARN_OBJC_IMPLICIT_RETAIN_SELF = YES;
				CLANG_WARN_OBJC_LITERAL_CONVERSION = YES;
				CLANG_WARN_OBJC_ROOT_CLASS = YES_ERROR;
				CLANG_WARN_QUOTED_INCLUDE_IN_FRAMEWORK_HEADER = YES;
				CLANG_WARN_RANGE_LOOP_ANALYSIS = YES;
				CLANG_WARN_STRICT_PROTOTYPES = YES;
				CLANG_WARN_SUSPICIOUS_MOVE = YES;
				CLANG_WARN_UNGUARDED_AVAILABILITY = YES_AGGRESSIVE;
				CLANG_WARN_UNREACHABLE_CODE = YES;
				CLANG_WARN__DUPLICATE_METHOD_MATCH = YES;
				COPY_PHASE_STRIP = NO;
				DEBUG_INFORMATION_FORMAT = "dwarf-with-dsym";
				ENABLE_NS_ASSERTIONS = NO;
				ENABLE_STRICT_OBJC_MSGSEND = YES;
				GCC_C_LANGUAGE_STANDARD = gnu11;
				GCC_NO_COMMON_BLOCKS = YES;
				GCC_WARN_64_TO_32_BIT_CONVERSION = YES;
				GCC_WARN_ABOUT_RETURN_TYPE = YES_ERROR;
				GCC_WARN_UNDECLARED_SELECTOR = YES;
				GCC_WARN_UNINITIALIZED_AUTOS = YES_AGGRESSIVE;
				GCC_WARN_UNUSED_FUNCTION = YES;
				GCC_WARN_UNUSED_VARIABLE = YES;
				IPHONEOS_DEPLOYMENT_TARGET = 14.5;
				MTL_ENABLE_DEBUG_INFO = NO;
				MTL_FAST_MATH = YES;
				SDKROOT = iphoneos;
				SWIFT_COMPILATION_MODE = wholemodule;
				SWIFT_OPTIMIZATION_LEVEL = "-O";
				VALIDATE_PRODUCT = YES;
			};
			name = Release;
		};
		35EF090726C9E57B00242C10 /* Debug */ = {
			isa = XCBuildConfiguration;
			buildSettings = {
				ASSETCATALOG_COMPILER_APPICON_NAME = AppIcon;
				ASSETCATALOG_COMPILER_GLOBAL_ACCENT_COLOR_NAME = AccentColor;
				CODE_SIGN_STYLE = Automatic;
				DEVELOPMENT_TEAM = F553Q34X54;
				INFOPLIST_FILE = "Social Explore/Info.plist";
				LD_RUNPATH_SEARCH_PATHS = (
					"$(inherited)",
					"@executable_path/Frameworks",
				);
				PRODUCT_BUNDLE_IDENTIFIER = "sterlinggamble.Social-Explore";
				PRODUCT_NAME = "$(TARGET_NAME)";
				SWIFT_VERSION = 5.0;
				TARGETED_DEVICE_FAMILY = "1,2";
			};
			name = Debug;
		};
		35EF090826C9E57B00242C10 /* Release */ = {
			isa = XCBuildConfiguration;
			buildSettings = {
				ASSETCATALOG_COMPILER_APPICON_NAME = AppIcon;
				ASSETCATALOG_COMPILER_GLOBAL_ACCENT_COLOR_NAME = AccentColor;
				CODE_SIGN_STYLE = Automatic;
				DEVELOPMENT_TEAM = F553Q34X54;
				INFOPLIST_FILE = "Social Explore/Info.plist";
				LD_RUNPATH_SEARCH_PATHS = (
					"$(inherited)",
					"@executable_path/Frameworks",
				);
				PRODUCT_BUNDLE_IDENTIFIER = "sterlinggamble.Social-Explore";
				PRODUCT_NAME = "$(TARGET_NAME)";
				SWIFT_VERSION = 5.0;
				TARGETED_DEVICE_FAMILY = "1,2";
			};
			name = Release;
		};
/* End XCBuildConfiguration section */

/* Begin XCConfigurationList section */
		35EF08ED26C9E57600242C10 /* Build configuration list for PBXProject "Social Explore" */ = {
			isa = XCConfigurationList;
			buildConfigurations = (
				35EF090426C9E57B00242C10 /* Debug */,
				35EF090526C9E57B00242C10 /* Release */,
			);
			defaultConfigurationIsVisible = 0;
			defaultConfigurationName = Release;
		};
		35EF090626C9E57B00242C10 /* Build configuration list for PBXNativeTarget "Social Explore" */ = {
			isa = XCConfigurationList;
			buildConfigurations = (
				35EF090726C9E57B00242C10 /* Debug */,
				35EF090826C9E57B00242C10 /* Release */,
			);
			defaultConfigurationIsVisible = 0;
			defaultConfigurationName = Release;
		};
/* End XCConfigurationList section */
	};
	rootObject = 35EF08EA26C9E57600242C10 /* Project object */;
}
